Microsoft Visual Studio Solution File, Format Version 12.00
# Visual Studio 2012
Project("{FAE04EC0-301F-11D3-BF4B-00C04F79EFBC}") = "Godot Design Pattern demos", "Godot Design Pattern demos.csproj", "{748AC8E8-148C-48AB-8F84-358C5EE30368}"
EndProject
Global
	GlobalSection(SolutionConfigurationPlatforms) = preSolution
	Debug|Any CPU = Debug|Any CPU
	Release|Any CPU = Release|Any CPU
	Tools|Any CPU = Tools|Any CPU
	EndGlobalSection
	GlobalSection(ProjectConfigurationPlatforms) = postSolution
		{748AC8E8-148C-48AB-8F84-358C5EE30368}.Debug|Any CPU.ActiveCfg = Debug|Any CPU
		{748AC8E8-148C-48AB-8F84-358C5EE30368}.Debug|Any CPU.Build.0 = Debug|Any CPU
		{748AC8E8-148C-48AB-8F84-358C5EE30368}.Release|Any CPU.ActiveCfg = Release|Any CPU
		{748AC8E8-148C-48AB-8F84-358C5EE30368}.Release|Any CPU.Build.0 = Release|Any CPU
		{748AC8E8-148C-48AB-8F84-358C5EE30368}.Tools|Any CPU.ActiveCfg = Tools|Any CPU
		{748AC8E8-148C-48AB-8F84-358C5EE30368}.Tools|Any CPU.Build.0 = Tools|Any CPU
	EndGlobalSection
EndGlobal
